// !$*UTF8*$!
{
	archiveVersion = 1;
	classes = {
	};
	objectVersion = 55;
	objects = {

/* Begin PBXBuildFile section */
		1B631C1228A3448100FECC7B /* AppDelegate.swift in Sources */ = {isa = PBXBuildFile; fileRef = 1B631C1128A3448100FECC7B /* AppDelegate.swift */; };
		1B631C1428A3448100FECC7B /* SceneDelegate.swift in Sources */ = {isa = PBXBuildFile; fileRef = 1B631C1328A3448100FECC7B /* SceneDelegate.swift */; };
		1B631C1628A3448100FECC7B /* ViewController.swift in Sources */ = {isa = PBXBuildFile; fileRef = 1B631C1528A3448100FECC7B /* ViewController.swift */; };
		1B631C1928A3448100FECC7B /* Main.storyboard in Resources */ = {isa = PBXBuildFile; fileRef = 1B631C1728A3448100FECC7B /* Main.storyboard */; };
		1B631C1C28A3448100FECC7B /* soketIO_test_2.xcdatamodeld in Sources */ = {isa = PBXBuildFile; fileRef = 1B631C1A28A3448100FECC7B /* soketIO_test_2.xcdatamodeld */; };
		1B631C1E28A3448300FECC7B /* Assets.xcassets in Resources */ = {isa = PBXBuildFile; fileRef = 1B631C1D28A3448300FECC7B /* Assets.xcassets */; };
		1B631C2128A3448300FECC7B /* LaunchScreen.storyboard in Resources */ = {isa = PBXBuildFile; fileRef = 1B631C1F28A3448300FECC7B /* LaunchScreen.storyboard */; };
		1B631C2A28A3449500FECC7B /* SocketIO in Frameworks */ = {isa = PBXBuildFile; productRef = 1B631C2928A3449500FECC7B /* SocketIO */; };
		A369D97628A4BD200005DEFC /* SecondViewController_guest.swift in Sources */ = {isa = PBXBuildFile; fileRef = A369D97528A4BD200005DEFC /* SecondViewController_guest.swift */; };
		A369D97828A4D7B70005DEFC /* FirstViewController.swift in Sources */ = {isa = PBXBuildFile; fileRef = A369D97728A4D7B70005DEFC /* FirstViewController.swift */; };
		A3D04EFA28A4EC460024F18B /* SecondViewController_host.swift in Sources */ = {isa = PBXBuildFile; fileRef = A3D04EF928A4EC460024F18B /* SecondViewController_host.swift */; };
		A3D04EFC28A4F3640024F18B /* ThirdViewController_host.swift in Sources */ = {isa = PBXBuildFile; fileRef = A3D04EFB28A4F3640024F18B /* ThirdViewController_host.swift */; };
		A3D04EFE28A4F38F0024F18B /* ThirdViewController_guest.swift in Sources */ = {isa = PBXBuildFile; fileRef = A3D04EFD28A4F38F0024F18B /* ThirdViewController_guest.swift */; };
		A3D04F0028A4FDEE0024F18B /* FourthViewController.swift in Sources */ = {isa = PBXBuildFile; fileRef = A3D04EFF28A4FDEE0024F18B /* FourthViewController.swift */; };
/* End PBXBuildFile section */

/* Begin PBXFileReference section */
		1B631C0E28A3448100FECC7B /* soketIO_test_2.app */ = {isa = PBXFileReference; explicitFileType = wrapper.application; includeInIndex = 0; path = soketIO_test_2.app; sourceTree = BUILT_PRODUCTS_DIR; };
		1B631C1128A3448100FECC7B /* AppDelegate.swift */ = {isa = PBXFileReference; lastKnownFileType = sourcecode.swift; path = AppDelegate.swift; sourceTree = "<group>"; };
		1B631C1328A3448100FECC7B /* SceneDelegate.swift */ = {isa = PBXFileReference; lastKnownFileType = sourcecode.swift; path = SceneDelegate.swift; sourceTree = "<group>"; };
		1B631C1528A3448100FECC7B /* ViewController.swift */ = {isa = PBXFileReference; lastKnownFileType = sourcecode.swift; path = ViewController.swift; sourceTree = "<group>"; };
		1B631C1828A3448100FECC7B /* Base */ = {isa = PBXFileReference; lastKnownFileType = file.storyboard; name = Base; path = Base.lproj/Main.storyboard; sourceTree = "<group>"; };
		1B631C1B28A3448100FECC7B /* soketIO_test_2.xcdatamodel */ = {isa = PBXFileReference; lastKnownFileType = wrapper.xcdatamodel; path = soketIO_test_2.xcdatamodel; sourceTree = "<group>"; };
		1B631C1D28A3448300FECC7B /* Assets.xcassets */ = {isa = PBXFileReference; lastKnownFileType = folder.assetcatalog; path = Assets.xcassets; sourceTree = "<group>"; };
		1B631C2028A3448300FECC7B /* Base */ = {isa = PBXFileReference; lastKnownFileType = file.storyboard; name = Base; path = Base.lproj/LaunchScreen.storyboard; sourceTree = "<group>"; };
		1B631C2228A3448300FECC7B /* Info.plist */ = {isa = PBXFileReference; lastKnownFileType = text.plist.xml; path = Info.plist; sourceTree = "<group>"; };
		A369D97528A4BD200005DEFC /* SecondViewController_guest.swift */ = {isa = PBXFileReference; lastKnownFileType = sourcecode.swift; path = SecondViewController_guest.swift; sourceTree = "<group>"; };
		A369D97728A4D7B70005DEFC /* FirstViewController.swift */ = {isa = PBXFileReference; lastKnownFileType = sourcecode.swift; path = FirstViewController.swift; sourceTree = "<group>"; };
		A3D04EF928A4EC460024F18B /* SecondViewController_host.swift */ = {isa = PBXFileReference; lastKnownFileType = sourcecode.swift; path = SecondViewController_host.swift; sourceTree = "<group>"; };
		A3D04EFB28A4F3640024F18B /* ThirdViewController_host.swift */ = {isa = PBXFileReference; lastKnownFileType = sourcecode.swift; path = ThirdViewController_host.swift; sourceTree = "<group>"; };
		A3D04EFD28A4F38F0024F18B /* ThirdViewController_guest.swift */ = {isa = PBXFileReference; lastKnownFileType = sourcecode.swift; path = ThirdViewController_guest.swift; sourceTree = "<group>"; };
		A3D04EFF28A4FDEE0024F18B /* FourthViewController.swift */ = {isa = PBXFileReference; lastKnownFileType = sourcecode.swift; path = FourthViewController.swift; sourceTree = "<group>"; };
/* End PBXFileReference section */

/* Begin PBXFrameworksBuildPhase section */
		1B631C0B28A3448100FECC7B /* Frameworks */ = {
			isa = PBXFrameworksBuildPhase;
			buildActionMask = 2147483647;
			files = (
				1B631C2A28A3449500FECC7B /* SocketIO in Frameworks */,
			);
			runOnlyForDeploymentPostprocessing = 0;
		};
/* End PBXFrameworksBuildPhase section */

/* Begin PBXGroup section */
		1B631C0528A3448100FECC7B = {
			isa = PBXGroup;
			children = (
				A3D04EFF28A4FDEE0024F18B /* FourthViewController.swift */,
				1B631C1028A3448100FECC7B /* soketIO_test_2 */,
				1B631C0F28A3448100FECC7B /* Products */,
			);
			sourceTree = "<group>";
		};
		1B631C0F28A3448100FECC7B /* Products */ = {
			isa = PBXGroup;
			children = (
				1B631C0E28A3448100FECC7B /* soketIO_test_2.app */,
			);
			name = Products;
			sourceTree = "<group>";
		};
		1B631C1028A3448100FECC7B /* soketIO_test_2 */ = {
			isa = PBXGroup;
			children = (
				1B631C1128A3448100FECC7B /* AppDelegate.swift */,
				1B631C1328A3448100FECC7B /* SceneDelegate.swift */,
				1B631C1528A3448100FECC7B /* ViewController.swift */,
				1B631C1728A3448100FECC7B /* Main.storyboard */,
				1B631C1D28A3448300FECC7B /* Assets.xcassets */,
				1B631C1F28A3448300FECC7B /* LaunchScreen.storyboard */,
				1B631C2228A3448300FECC7B /* Info.plist */,
				1B631C1A28A3448100FECC7B /* soketIO_test_2.xcdatamodeld */,
				A369D97528A4BD200005DEFC /* SecondViewController_guest.swift */,
				A369D97728A4D7B70005DEFC /* FirstViewController.swift */,
				A3D04EF928A4EC460024F18B /* SecondViewController_host.swift */,
				A3D04EFB28A4F3640024F18B /* ThirdViewController_host.swift */,
				A3D04EFD28A4F38F0024F18B /* ThirdViewController_guest.swift */,
			);
			path = soketIO_test_2;
			sourceTree = "<group>";
		};
/* End PBXGroup section */

/* Begin PBXNativeTarget section */
		1B631C0D28A3448100FECC7B /* soketIO_test_2 */ = {
			isa = PBXNativeTarget;
			buildConfigurationList = 1B631C2528A3448300FECC7B /* Build configuration list for PBXNativeTarget "soketIO_test_2" */;
			buildPhases = (
				1B631C0A28A3448100FECC7B /* Sources */,
				1B631C0B28A3448100FECC7B /* Frameworks */,
				1B631C0C28A3448100FECC7B /* Resources */,
			);
			buildRules = (
			);
			dependencies = (
			);
			name = soketIO_test_2;
			packageProductDependencies = (
				1B631C2928A3449500FECC7B /* SocketIO */,
			);
			productName = soketIO_test_2;
			productReference = 1B631C0E28A3448100FECC7B /* soketIO_test_2.app */;
			productType = "com.apple.product-type.application";
		};
/* End PBXNativeTarget section */

/* Begin PBXProject section */
		1B631C0628A3448100FECC7B /* Project object */ = {
			isa = PBXProject;
			attributes = {
				BuildIndependentTargetsInParallel = 1;
				KnownAssetTags = (
					tableview,
				);
				LastSwiftUpdateCheck = 1340;
				LastUpgradeCheck = 1340;
				TargetAttributes = {
					1B631C0D28A3448100FECC7B = {
						CreatedOnToolsVersion = 13.4.1;
					};
				};
			};
			buildConfigurationList = 1B631C0928A3448100FECC7B /* Build configuration list for PBXProject "soketIO_test_2" */;
			compatibilityVersion = "Xcode 13.0";
			developmentRegion = en;
			hasScannedForEncodings = 0;
			knownRegions = (
				en,
				Base,
			);
			mainGroup = 1B631C0528A3448100FECC7B;
			packageReferences = (
				1B631C2828A3449500FECC7B /* XCRemoteSwiftPackageReference "socket" */,
			);
			productRefGroup = 1B631C0F28A3448100FECC7B /* Products */;
			projectDirPath = "";
			projectRoot = "";
			targets = (
				1B631C0D28A3448100FECC7B /* soketIO_test_2 */,
			);
		};
/* End PBXProject section */

/* Begin PBXResourcesBuildPhase section */
		1B631C0C28A3448100FECC7B /* Resources */ = {
			isa = PBXResourcesBuildPhase;
			buildActionMask = 2147483647;
			files = (
				1B631C2128A3448300FECC7B /* LaunchScreen.storyboard in Resources */,
				1B631C1E28A3448300FECC7B /* Assets.xcassets in Resources */,
				1B631C1928A3448100FECC7B /* Main.storyboard in Resources */,
			);
			runOnlyForDeploymentPostprocessing = 0;
		};
/* End PBXResourcesBuildPhase section */

/* Begin PBXSourcesBuildPhase section */
		1B631C0A28A3448100FECC7B /* Sources */ = {
			isa = PBXSourcesBuildPhase;
			buildActionMask = 2147483647;
			files = (
				A3D04EFC28A4F3640024F18B /* ThirdViewController_host.swift in Sources */,
				A3D04EFE28A4F38F0024F18B /* ThirdViewController_guest.swift in Sources */,
				1B631C1628A3448100FECC7B /* ViewController.swift in Sources */,
				A3D04EFA28A4EC460024F18B /* SecondViewController_host.swift in Sources */,
				A3D04F0028A4FDEE0024F18B /* FourthViewController.swift in Sources */,
				1B631C1C28A3448100FECC7B /* soketIO_test_2.xcdatamodeld in Sources */,
				1B631C1228A3448100FECC7B /* AppDelegate.swift in Sources */,
				A369D97828A4D7B70005DEFC /* FirstViewController.swift in Sources */,
				A369D97628A4BD200005DEFC /* SecondViewController_guest.swift in Sources */,
				1B631C1428A3448100FECC7B /* SceneDelegate.swift in Sources */,
			);
			runOnlyForDeploymentPostprocessing = 0;
		};
/* End PBXSourcesBuildPhase section */

/* Begin PBXVariantGroup section */
		1B631C1728A3448100FECC7B /* Main.storyboard */ = {
			isa = PBXVariantGroup;
			children = (
				1B631C1828A3448100FECC7B /* Base */,
			);
			name = Main.storyboard;
			sourceTree = "<group>";
		};
		1B631C1F28A3448300FECC7B /* LaunchScreen.storyboard */ = {
			isa = PBXVariantGroup;
			children = (
				1B631C2028A3448300FECC7B /* Base */,
			);
			name = LaunchScreen.storyboard;
			sourceTree = "<group>";
		};
/* End PBXVariantGroup section */

/* Begin XCBuildConfiguration section */
		1B631C2328A3448300FECC7B /* Debug */ = {
			isa = XCBuildConfiguration;
			buildSettings = {
				ALWAYS_SEARCH_USER_PATHS = NO;
				CLANG_ANALYZER_NONNULL = YES;
				CLANG_ANALYZER_NUMBER_OBJECT_CONVERSION = YES_AGGRESSIVE;
				CLANG_CXX_LANGUAGE_STANDARD = "gnu++17";
				CLANG_ENABLE_MODULES = YES;
				CLANG_ENABLE_OBJC_ARC = YES;
				CLANG_ENABLE_OBJC_WEAK = YES;
				CLANG_WARN_BLOCK_CAPTURE_AUTORELEASING = YES;
				CLANG_WARN_BOOL_CONVERSION = YES;
				CLANG_WARN_COMMA = YES;
				CLANG_WARN_CONSTANT_CONVERSION = YES;
				CLANG_WARN_DEPRECATED_OBJC_IMPLEMENTATIONS = YES;
				CLANG_WARN_DIRECT_OBJC_ISA_USAGE = YES_ERROR;
				CLANG_WARN_DOCUMENTATION_COMMENTS = YES;
				CLANG_WARN_EMPTY_BODY = YES;
				CLANG_WARN_ENUM_CONVERSION = YES;
				CLANG_WARN_INFINITE_RECURSION = YES;
				CLANG_WARN_INT_CONVERSION = YES;
				CLANG_WARN_NON_LITERAL_NULL_CONVERSION = YES;
				CLANG_WARN_OBJC_IMPLICIT_RETAIN_SELF = YES;
				CLANG_WARN_OBJC_LITERAL_CONVERSION = YES;
				CLANG_WARN_OBJC_ROOT_CLASS = YES_ERROR;
				CLANG_WARN_QUOTED_INCLUDE_IN_FRAMEWORK_HEADER = YES;
				CLANG_WARN_RANGE_LOOP_ANALYSIS = YES;
				CLANG_WARN_STRICT_PROTOTYPES = YES;
				CLANG_WARN_SUSPICIOUS_MOVE = YES;
				CLANG_WARN_UNGUARDED_AVAILABILITY = YES_AGGRESSIVE;
				CLANG_WARN_UNREACHABLE_CODE = YES;
				CLANG_WARN__DUPLICATE_METHOD_MATCH = YES;
				COPY_PHASE_STRIP = NO;
				DEBUG_INFORMATION_FORMAT = dwarf;
				ENABLE_STRICT_OBJC_MSGSEND = YES;
				ENABLE_TESTABILITY = YES;
				GCC_C_LANGUAGE_STANDARD = gnu11;
				GCC_DYNAMIC_NO_PIC = NO;
				GCC_NO_COMMON_BLOCKS = YES;
				GCC_OPTIMIZATION_LEVEL = 0;
				GCC_PREPROCESSOR_DEFINITIONS = (
					"DEBUG=1",
					"$(inherited)",
				);
				GCC_WARN_64_TO_32_BIT_CONVERSION = YES;
				GCC_WARN_ABOUT_RETURN_TYPE = YES_ERROR;
				GCC_WARN_UNDECLARED_SELECTOR = YES;
				GCC_WARN_UNINITIALIZED_AUTOS = YES_AGGRESSIVE;
				GCC_WARN_UNUSED_FUNCTION = YES;
				GCC_WARN_UNUSED_VARIABLE = YES;
				IPHONEOS_DEPLOYMENT_TARGET = 15.5;
				MTL_ENABLE_DEBUG_INFO = INCLUDE_SOURCE;
				MTL_FAST_MATH = YES;
				ONLY_ACTIVE_ARCH = YES;
				SDKROOT = iphoneos;
				SWIFT_ACTIVE_COMPILATION_CONDITIONS = DEBUG;
				SWIFT_OPTIMIZATION_LEVEL = "-Onone";
			};
			name = Debug;
		};
		1B631C2428A3448300FECC7B /* Release */ = {
			isa = XCBuildConfiguration;
			buildSettings = {
				ALWAYS_SEARCH_USER_PATHS = NO;
				CLANG_ANALYZER_NONNULL = YES;
				CLANG_ANALYZER_NUMBER_OBJECT_CONVERSION = YES_AGGRESSIVE;
				CLANG_CXX_LANGUAGE_STANDARD = "gnu++17";
				CLANG_ENABLE_MODULES = YES;
				CLANG_ENABLE_OBJC_ARC = YES;
				CLANG_ENABLE_OBJC_WEAK = YES;
				CLANG_WARN_BLOCK_CAPTURE_AUTORELEASING = YES;
				CLANG_WARN_BOOL_CONVERSION = YES;
				CLANG_WARN_COMMA = YES;
				CLANG_WARN_CONSTANT_CONVERSION = YES;
				CLANG_WARN_DEPRECATED_OBJC_IMPLEMENTATIONS = YES;
				CLANG_WARN_DIRECT_OBJC_ISA_USAGE = YES_ERROR;
				CLANG_WARN_DOCUMENTATION_COMMENTS = YES;
				CLANG_WARN_EMPTY_BODY = YES;
				CLANG_WARN_ENUM_CONVERSION = YES;
				CLANG_WARN_INFINITE_RECURSION = YES;
				CLANG_WARN_INT_CONVERSION = YES;
				CLANG_WARN_NON_LITERAL_NULL_CONVERSION = YES;
				CLANG_WARN_OBJC_IMPLICIT_RETAIN_SELF = YES;
				CLANG_WARN_OBJC_LITERAL_CONVERSION = YES;
				CLANG_WARN_OBJC_ROOT_CLASS = YES_ERROR;
				CLANG_WARN_QUOTED_INCLUDE_IN_FRAMEWORK_HEADER = YES;
				CLANG_WARN_RANGE_LOOP_ANALYSIS = YES;
				CLANG_WARN_STRICT_PROTOTYPES = YES;
				CLANG_WARN_SUSPICIOUS_MOVE = YES;
				CLANG_WARN_UNGUARDED_AVAILABILITY = YES_AGGRESSIVE;
				CLANG_WARN_UNREACHABLE_CODE = YES;
				CLANG_WARN__DUPLICATE_METHOD_MATCH = YES;
				COPY_PHASE_STRIP = NO;
				DEBUG_INFORMATION_FORMAT = "dwarf-with-dsym";
				ENABLE_NS_ASSERTIONS = NO;
				ENABLE_STRICT_OBJC_MSGSEND = YES;
				GCC_C_LANGUAGE_STANDARD = gnu11;
				GCC_NO_COMMON_BLOCKS = YES;
				GCC_WARN_64_TO_32_BIT_CONVERSION = YES;
				GCC_WARN_ABOUT_RETURN_TYPE = YES_ERROR;
				GCC_WARN_UNDECLARED_SELECTOR = YES;
				GCC_WARN_UNINITIALIZED_AUTOS = YES_AGGRESSIVE;
				GCC_WARN_UNUSED_FUNCTION = YES;
				GCC_WARN_UNUSED_VARIABLE = YES;
				IPHONEOS_DEPLOYMENT_TARGET = 15.5;
				MTL_ENABLE_DEBUG_INFO = NO;
				MTL_FAST_MATH = YES;
				SDKROOT = iphoneos;
				SWIFT_COMPILATION_MODE = wholemodule;
				SWIFT_OPTIMIZATION_LEVEL = "-O";
				VALIDATE_PRODUCT = YES;
			};
			name = Release;
		};
		1B631C2628A3448300FECC7B /* Debug */ = {
			isa = XCBuildConfiguration;
			buildSettings = {
				ASSETCATALOG_COMPILER_APPICON_NAME = AppIcon;
				ASSETCATALOG_COMPILER_GLOBAL_ACCENT_COLOR_NAME = AccentColor;
				CODE_SIGN_STYLE = Automatic;
				CURRENT_PROJECT_VERSION = 1;
				GENERATE_INFOPLIST_FILE = YES;
				INFOPLIST_FILE = soketIO_test_2/Info.plist;
				INFOPLIST_KEY_UIApplicationSupportsIndirectInputEvents = YES;
				INFOPLIST_KEY_UILaunchStoryboardName = LaunchScreen;
				INFOPLIST_KEY_UIMainStoryboardFile = Main;
				INFOPLIST_KEY_UISupportedInterfaceOrientations_iPad = "UIInterfaceOrientationPortrait UIInterfaceOrientationPortraitUpsideDown UIInterfaceOrientationLandscapeLeft UIInterfaceOrientationLandscapeRight";
				INFOPLIST_KEY_UISupportedInterfaceOrientations_iPhone = "UIInterfaceOrientationPortrait UIInterfaceOrientationLandscapeLeft UIInterfaceOrientationLandscapeRight";
				LD_RUNPATH_SEARCH_PATHS = (
					"$(inherited)",
					"@executable_path/Frameworks",
				);
				MARKETING_VERSION = 1.0;
				PRODUCT_BUNDLE_IDENTIFIER = "-022-hakkasonn-Group4.soketIO-test-2";
				PRODUCT_NAME = "$(TARGET_NAME)";
				SWIFT_EMIT_LOC_STRINGS = YES;
				SWIFT_VERSION = 5.0;
				TARGETED_DEVICE_FAMILY = "1,2";
			};
			name = Debug;
		};
		1B631C2728A3448300FECC7B /* Release */ = {
			isa = XCBuildConfiguration;
			buildSettings = {
				ASSETCATALOG_COMPILER_APPICON_NAME = AppIcon;
				ASSETCATALOG_COMPILER_GLOBAL_ACCENT_COLOR_NAME = AccentColor;
				CODE_SIGN_STYLE = Automatic;
				CURRENT_PROJECT_VERSION = 1;
				GENERATE_INFOPLIST_FILE = YES;
				INFOPLIST_FILE = soketIO_test_2/Info.plist;
				INFOPLIST_KEY_UIApplicationSupportsIndirectInputEvents = YES;
				INFOPLIST_KEY_UILaunchStoryboardName = LaunchScreen;
				INFOPLIST_KEY_UIMainStoryboardFile = Main;
				INFOPLIST_KEY_UISupportedInterfaceOrientations_iPad = "UIInterfaceOrientationPortrait UIInterfaceOrientationPortraitUpsideDown UIInterfaceOrientationLandscapeLeft UIInterfaceOrientationLandscapeRight";
				INFOPLIST_KEY_UISupportedInterfaceOrientations_iPhone = "UIInterfaceOrientationPortrait UIInterfaceOrientationLandscapeLeft UIInterfaceOrientationLandscapeRight";
				LD_RUNPATH_SEARCH_PATHS = (
					"$(inherited)",
					"@executable_path/Frameworks",
				);
				MARKETING_VERSION = 1.0;
				PRODUCT_BUNDLE_IDENTIFIER = "-022-hakkasonn-Group4.soketIO-test-2";
				PRODUCT_NAME = "$(TARGET_NAME)";
				SWIFT_EMIT_LOC_STRINGS = YES;
				SWIFT_VERSION = 5.0;
				TARGETED_DEVICE_FAMILY = "1,2";
			};
			name = Release;
		};
/* End XCBuildConfiguration section */

/* Begin XCConfigurationList section */
		1B631C0928A3448100FECC7B /* Build configuration list for PBXProject "soketIO_test_2" */ = {
			isa = XCConfigurationList;
			buildConfigurations = (
				1B631C2328A3448300FECC7B /* Debug */,
				1B631C2428A3448300FECC7B /* Release */,
			);
			defaultConfigurationIsVisible = 0;
			defaultConfigurationName = Release;
		};
		1B631C2528A3448300FECC7B /* Build configuration list for PBXNativeTarget "soketIO_test_2" */ = {
			isa = XCConfigurationList;
			buildConfigurations = (
				1B631C2628A3448300FECC7B /* Debug */,
				1B631C2728A3448300FECC7B /* Release */,
			);
			defaultConfigurationIsVisible = 0;
			defaultConfigurationName = Release;
		};
/* End XCConfigurationList section */

/* Begin XCRemoteSwiftPackageReference section */
		1B631C2828A3449500FECC7B /* XCRemoteSwiftPackageReference "socket" */ = {
			isa = XCRemoteSwiftPackageReference;
			repositoryURL = "https://github.com/socketio/socket.io-client-swift";
			requirement = {
				branch = master;
				kind = branch;
			};
		};
/* End XCRemoteSwiftPackageReference section */

/* Begin XCSwiftPackageProductDependency section */
		1B631C2928A3449500FECC7B /* SocketIO */ = {
			isa = XCSwiftPackageProductDependency;
			package = 1B631C2828A3449500FECC7B /* XCRemoteSwiftPackageReference "socket" */;
			productName = SocketIO;
		};
/* End XCSwiftPackageProductDependency section */

/* Begin XCVersionGroup section */
		1B631C1A28A3448100FECC7B /* soketIO_test_2.xcdatamodeld */ = {
			isa = XCVersionGroup;
			children = (
				1B631C1B28A3448100FECC7B /* soketIO_test_2.xcdatamodel */,
			);
			currentVersion = 1B631C1B28A3448100FECC7B /* soketIO_test_2.xcdatamodel */;
			path = soketIO_test_2.xcdatamodeld;
			sourceTree = "<group>";
			versionGroupType = wrapper.xcdatamodel;
		};
/* End XCVersionGroup section */
	};
	rootObject = 1B631C0628A3448100FECC7B /* Project object */;
}
